
Microsoft Visual Studio Solution File, Format Version 12.00
# Visual Studio Version 16
VisualStudioVersion = 16.0.31005.135
MinimumVisualStudioVersion = 10.0.40219.1
Project("{9A19103F-16F7-4668-BE54-9A1E7A4F7556}") = "eShop.Web", "eShop.Web\eShop.Web.csproj", "{86636F98-B98A-4065-9F72-BE6AB013A166}"
EndProject
Project("{9A19103F-16F7-4668-BE54-9A1E7A4F7556}") = "eShop.CoreBusiness", "eShop.CoreBusiness\eShop.CoreBusiness.csproj", "{5B528599-18A5-4EE9-AC05-31B5ADFFCA4D}"
EndProject
Project("{9A19103F-16F7-4668-BE54-9A1E7A4F7556}") = "eShop.UseCases", "eShop.UseCases\eShop.UseCases.csproj", "{F1725D9B-6A85-49D3-B86B-E39B3DD95BC3}"
EndProject
Project("{2150E333-8FDC-42A3-9474-1A3956D46DE8}") = "Plugins", "Plugins", "{907F5BCB-FC25-434C-831F-5F1832B3B11F}"
EndProject
Project("{9A19103F-16F7-4668-BE54-9A1E7A4F7556}") = "eShop.DataStore.HardCoded", "Plugins\eShop.DataStore.HardCoded\eShop.DataStore.HardCoded.csproj", "{6658025F-AAA2-4CCE-B1BB-58C1DCD3F299}"
EndProject
Project("{2150E333-8FDC-42A3-9474-1A3956D46DE8}") = "eShop.Web.Modules", "eShop.Web.Modules", "{EE45CFBE-03C1-4DAE-8361-F1B9F5272D9C}"
EndProject
Project("{9A19103F-16F7-4668-BE54-9A1E7A4F7556}") = "eShop.Web.Common", "eShop.Web.Modules\eShop.Web.Common\eShop.Web.Common.csproj", "{59F39311-D46D-4F28-B29E-1CD007FB4974}"
EndProject
Project("{9A19103F-16F7-4668-BE54-9A1E7A4F7556}") = "eShop.Web.AdminPortal", "eShop.Web.Modules\eShop.Web.AdminPortal\eShop.Web.AdminPortal.csproj", "{A1A3D823-010F-4378-B756-3897E86A7C2D}"
EndProject
Project("{9A19103F-16F7-4668-BE54-9A1E7A4F7556}") = "eShop.Web.CustomerPortal", "eShop.Web.Modules\eShop.Web.CustomerPortal\eShop.Web.CustomerPortal.csproj", "{7EA45BF1-B0CA-42CA-884D-0F1FF1E5D8AD}"
EndProject
Project("{9A19103F-16F7-4668-BE54-9A1E7A4F7556}") = "eShop.ShoppingCart.LocalStorage", "Plugins\eShop.ShoppingCart.LocalStorage\eShop.ShoppingCart.LocalStorage.csproj", "{F35AC6F0-711A-4A18-89B0-BE26BE1D1EA2}"
EndProject
Project("{9A19103F-16F7-4668-BE54-9A1E7A4F7556}") = "eShop.StateStore.DI", "Plugins\eShop.StateStore.DI\eShop.StateStore.DI.csproj", "{6E04521D-E4ED-46C6-8B67-15FA76E36FA8}"
EndProject
Project("{FAE04EC0-301F-11D3-BF4B-00C04F79EFBC}") = "eShop.DataStore.SQL.Dapper", "Plugins\eShop.DataStore.SQL.Dapper\eShop.DataStore.SQL.Dapper.csproj", "{FB8ACD45-2EA8-4099-B558-ABE15BF4E0EE}"
EndProject
Global
	GlobalSection(SolutionConfigurationPlatforms) = preSolution
		Debug|Any CPU = Debug|Any CPU
		Release|Any CPU = Release|Any CPU
	EndGlobalSection
	GlobalSection(ProjectConfigurationPlatforms) = postSolution
		{86636F98-B98A-4065-9F72-BE6AB013A166}.Debug|Any CPU.ActiveCfg = Debug|Any CPU
		{86636F98-B98A-4065-9F72-BE6AB013A166}.Debug|Any CPU.Build.0 = Debug|Any CPU
		{86636F98-B98A-4065-9F72-BE6AB013A166}.Release|Any CPU.ActiveCfg = Release|Any CPU
		{86636F98-B98A-4065-9F72-BE6AB013A166}.Release|Any CPU.Build.0 = Release|Any CPU
		{5B528599-18A5-4EE9-AC05-31B5ADFFCA4D}.Debug|Any CPU.ActiveCfg = Debug|Any CPU
		{5B528599-18A5-4EE9-AC05-31B5ADFFCA4D}.Debug|Any CPU.Build.0 = Debug|Any CPU
		{5B528599-18A5-4EE9-AC05-31B5ADFFCA4D}.Release|Any CPU.ActiveCfg = Release|Any CPU
		{5B528599-18A5-4EE9-AC05-31B5ADFFCA4D}.Release|Any CPU.Build.0 = Release|Any CPU
		{F1725D9B-6A85-49D3-B86B-E39B3DD95BC3}.Debug|Any CPU.ActiveCfg = Debug|Any CPU
		{F1725D9B-6A85-49D3-B86B-E39B3DD95BC3}.Debug|Any CPU.Build.0 = Debug|Any CPU
		{F1725D9B-6A85-49D3-B86B-E39B3DD95BC3}.Release|Any CPU.ActiveCfg = Release|Any CPU
		{F1725D9B-6A85-49D3-B86B-E39B3DD95BC3}.Release|Any CPU.Build.0 = Release|Any CPU
		{6658025F-AAA2-4CCE-B1BB-58C1DCD3F299}.Debug|Any CPU.ActiveCfg = Debug|Any CPU
		{6658025F-AAA2-4CCE-B1BB-58C1DCD3F299}.Debug|Any CPU.Build.0 = Debug|Any CPU
		{6658025F-AAA2-4CCE-B1BB-58C1DCD3F299}.Release|Any CPU.ActiveCfg = Release|Any CPU
		{6658025F-AAA2-4CCE-B1BB-58C1DCD3F299}.Release|Any CPU.Build.0 = Release|Any CPU
		{59F39311-D46D-4F28-B29E-1CD007FB4974}.Debug|Any CPU.ActiveCfg = Debug|Any CPU
		{59F39311-D46D-4F28-B29E-1CD007FB4974}.Debug|Any CPU.Build.0 = Debug|Any CPU
		{59F39311-D46D-4F28-B29E-1CD007FB4974}.Release|Any CPU.ActiveCfg = Release|Any CPU
		{59F39311-D46D-4F28-B29E-1CD007FB4974}.Release|Any CPU.Build.0 = Release|Any CPU
		{A1A3D823-010F-4378-B756-3897E86A7C2D}.Debug|Any CPU.ActiveCfg = Debug|Any CPU
		{A1A3D823-010F-4378-B756-3897E86A7C2D}.Debug|Any CPU.Build.0 = Debug|Any CPU
		{A1A3D823-010F-4378-B756-3897E86A7C2D}.Release|Any CPU.ActiveCfg = Release|Any CPU
		{A1A3D823-010F-4378-B756-3897E86A7C2D}.Release|Any CPU.Build.0 = Release|Any CPU
		{7EA45BF1-B0CA-42CA-884D-0F1FF1E5D8AD}.Debug|Any CPU.ActiveCfg = Debug|Any CPU
		{7EA45BF1-B0CA-42CA-884D-0F1FF1E5D8AD}.Debug|Any CPU.Build.0 = Debug|Any CPU
		{7EA45BF1-B0CA-42CA-884D-0F1FF1E5D8AD}.Release|Any CPU.ActiveCfg = Release|Any CPU
		{7EA45BF1-B0CA-42CA-884D-0F1FF1E5D8AD}.Release|Any CPU.Build.0 = Release|Any CPU
		{F35AC6F0-711A-4A18-89B0-BE26BE1D1EA2}.Debug|Any CPU.ActiveCfg = Debug|Any CPU
		{F35AC6F0-711A-4A18-89B0-BE26BE1D1EA2}.Debug|Any CPU.Build.0 = Debug|Any CPU
		{F35AC6F0-711A-4A18-89B0-BE26BE1D1EA2}.Release|Any CPU.ActiveCfg = Release|Any CPU
		{F35AC6F0-711A-4A18-89B0-BE26BE1D1EA2}.Release|Any CPU.Build.0 = Release|Any CPU
		{6E04521D-E4ED-46C6-8B67-15FA76E36FA8}.Debug|Any CPU.ActiveCfg = Debug|Any CPU
		{6E04521D-E4ED-46C6-8B67-15FA76E36FA8}.Debug|Any CPU.Build.0 = Debug|Any CPU
		{6E04521D-E4ED-46C6-8B67-15FA76E36FA8}.Release|Any CPU.ActiveCfg = Release|Any CPU
		{6E04521D-E4ED-46C6-8B67-15FA76E36FA8}.Release|Any CPU.Build.0 = Release|Any CPU
		{FB8ACD45-2EA8-4099-B558-ABE15BF4E0EE}.Debug|Any CPU.ActiveCfg = Debug|Any CPU
		{FB8ACD45-2EA8-4099-B558-ABE15BF4E0EE}.Debug|Any CPU.Build.0 = Debug|Any CPU
		{FB8ACD45-2EA8-4099-B558-ABE15BF4E0EE}.Release|Any CPU.ActiveCfg = Release|Any CPU
		{FB8ACD45-2EA8-4099-B558-ABE15BF4E0EE}.Release|Any CPU.Build.0 = Release|Any CPU
	EndGlobalSection
	GlobalSection(SolutionProperties) = preSolution
		HideSolutionNode = FALSE
	EndGlobalSection
	GlobalSection(NestedProjects) = preSolution
		{6658025F-AAA2-4CCE-B1BB-58C1DCD3F299} = {907F5BCB-FC25-434C-831F-5F1832B3B11F}
		{59F39311-D46D-4F28-B29E-1CD007FB4974} = {EE45CFBE-03C1-4DAE-8361-F1B9F5272D9C}
		{A1A3D823-010F-4378-B756-3897E86A7C2D} = {EE45CFBE-03C1-4DAE-8361-F1B9F5272D9C}
		{7EA45BF1-B0CA-42CA-884D-0F1FF1E5D8AD} = {EE45CFBE-03C1-4DAE-8361-F1B9F5272D9C}
		{F35AC6F0-711A-4A18-89B0-BE26BE1D1EA2} = {907F5BCB-FC25-434C-831F-5F1832B3B11F}
		{6E04521D-E4ED-46C6-8B67-15FA76E36FA8} = {907F5BCB-FC25-434C-831F-5F1832B3B11F}
		{FB8ACD45-2EA8-4099-B558-ABE15BF4E0EE} = {907F5BCB-FC25-434C-831F-5F1832B3B11F}
	EndGlobalSection
	GlobalSection(ExtensibilityGlobals) = postSolution
		SolutionGuid = {399A9398-2D0A-4A75-8ECD-EEF9B19CC69D}
	EndGlobalSection
EndGlobal
